
Microsoft Visual Studio Solution File, Format Version 12.00
# Visual Studio Version 17
VisualStudioVersion = 17.3.32819.101
MinimumVisualStudioVersion = 10.0.40219.1
Project("{9A19103F-16F7-4668-BE54-9A1E7A4F7556}") = "TallerMecanicoo", "TallerMecanicoo\TallerMecanicoo.csproj", "{2637EE16-59A7-47AF-AE3F-9809F5929A3B}"
EndProject
Global
	GlobalSection(SolutionConfigurationPlatforms) = preSolution
		Debug|Any CPU = Debug|Any CPU
		Release|Any CPU = Release|Any CPU
	EndGlobalSection
	GlobalSection(ProjectConfigurationPlatforms) = postSolution
		{2637EE16-59A7-47AF-AE3F-9809F5929A3B}.Debug|Any CPU.ActiveCfg = Debug|Any CPU
		{2637EE16-59A7-47AF-AE3F-9809F5929A3B}.Debug|Any CPU.Build.0 = Debug|Any CPU
		{2637EE16-59A7-47AF-AE3F-9809F5929A3B}.Release|Any CPU.ActiveCfg = Release|Any CPU
		{2637EE16-59A7-47AF-AE3F-9809F5929A3B}.Release|Any CPU.Build.0 = Release|Any CPU
	EndGlobalSection
	GlobalSection(SolutionProperties) = preSolution
		HideSolutionNode = FALSE
	EndGlobalSection
	GlobalSection(ExtensibilityGlobals) = postSolution
		SolutionGuid = {EFB38F34-228D-4231-B82E-B6D76F0F8706}
	EndGlobalSection
EndGlobal
