
Microsoft Visual Studio Solution File, Format Version 12.00
# Visual Studio Version 17
VisualStudioVersion = 17.3.32819.101
MinimumVisualStudioVersion = 10.0.40219.1
Project("{FAE04EC0-301F-11D3-BF4B-00C04F79EFBC}") = "TallerMecanico", "TallerMecanico\TallerMecanico.csproj", "{171CC696-782A-483C-A80C-D6218AD1DFF6}"
EndProject
Global
	GlobalSection(SolutionConfigurationPlatforms) = preSolution
		Debug|Any CPU = Debug|Any CPU
		Release|Any CPU = Release|Any CPU
	EndGlobalSection
	GlobalSection(ProjectConfigurationPlatforms) = postSolution
		{171CC696-782A-483C-A80C-D6218AD1DFF6}.Debug|Any CPU.ActiveCfg = Debug|Any CPU
		{171CC696-782A-483C-A80C-D6218AD1DFF6}.Debug|Any CPU.Build.0 = Debug|Any CPU
		{171CC696-782A-483C-A80C-D6218AD1DFF6}.Release|Any CPU.ActiveCfg = Release|Any CPU
		{171CC696-782A-483C-A80C-D6218AD1DFF6}.Release|Any CPU.Build.0 = Release|Any CPU
	EndGlobalSection
	GlobalSection(SolutionProperties) = preSolution
		HideSolutionNode = FALSE
	EndGlobalSection
	GlobalSection(ExtensibilityGlobals) = postSolution
		SolutionGuid = {7657F1C3-8B57-4326-91A0-4993262A9624}
	EndGlobalSection
EndGlobal
